version = 1
revision = 3
requires-python = "==3.12.*"

[[package]]
name = "altgraph"
version = "0.17.5"
source = { registry = "https://pypi.tuna.tsinghua.edu.cn/simple" }
sdist = { url = "https://pypi.tuna.tsinghua.edu.cn/packages/7e/f8/97fdf103f38fed6792a1601dbc16cc8aac56e7459a9fff08c812d8ae177a/altgraph-0.17.5.tar.gz", hash = "sha256:c87b395dd12fabde9c99573a9749d67da8d29ef9de0125c7f536699b4a9bc9e7", size = 48428, upload-time = "2025-11-21T20:35:50.583Z" }
wheels = [
    { url = "https://pypi.tuna.tsinghua.edu.cn/packages/a9/ba/000a1996d4308bc65120167c21241a3b205464a2e0b58deda26ae8ac21d1/altgraph-0.17.5-py2.py3-none-any.whl", hash = "sha256:f3a22400bce1b0c701683820ac4f3b159cd301acab067c51c653e06961600597", size = 21228, upload-time = "2025-11-21T20:35:49.444Z" },
]

[[package]]
name = "annotated-doc"
version = "0.0.4"
source = { registry = "https://pypi.tuna.tsinghua.edu.cn/simple" }
sdist = { url = "https://pypi.tuna.tsinghua.edu.cn/packages/57/ba/046ceea27344560984e26a590f90bc7f4a75b06701f653222458922b558c/annotated_doc-0.0.4.tar.gz", hash = "sha256:fbcda96e87e9c92ad167c2e53839e57503ecfda18804ea28102353485033faa4", size = 7288, upload-time = "2025-11-10T22:07:42.062Z" }
wheels = [
    { url = "https://pypi.tuna.tsinghua.edu.cn/packages/1e/d3/26bf1008eb3d2daa8ef4cacc7f3bfdc11818d111f7e2d0201bc6e3b49d45/annotated_doc-0.0.4-py3-none-any.whl", hash = "sha256:571ac1dc6991c450b25a9c2d84a3705e2ae7a53467b5d111c24fa8baabbed320", size = 5303, upload-time = "2025-11-10T22:07:40.673Z" },
]

[[package]]
name = "annotated-types"
version = "0.7.0"
source = { registry = "https://pypi.tuna.tsinghua.edu.cn/simple" }
sdist = { url = "https://pypi.tuna.tsinghua.edu.cn/packages/ee/67/531ea369ba64dcff5ec9c3402f9f51bf748cec26dde048a2f973a4eea7f5/annotated_types-0.7.0.tar.gz", hash = "sha256:aff07c09a53a08bc8cfccb9c85b05f1aa9a2a6f23728d790723543408344ce89", size = 16081, upload-time = "2024-05-20T21:33:25.928Z" }
wheels = [
    { url = "https://pypi.tuna.tsinghua.edu.cn/packages/78/b6/6307fbef88d9b5ee7421e68d78a9f162e0da4900bc5f5793f6d3d0e34fb8/annotated_types-0.7.0-py3-none-any.whl", hash = "sha256:1f02e8b43a8fbbc3f3e0d4f0f4bfc8131bcb4eebe8849b8e5c773f3a1c582a53", size = 13643, upload-time = "2024-05-20T21:33:24.1Z" },
]

[[package]]
name = "anyio"
version = "4.13.0"
source = { registry = "https://pypi.tuna.tsinghua.edu.cn/simple" }
dependencies = [
    { name = "idna" },
    { name = "typing-extensions" },
]
sdist = { url = "https://pypi.tuna.tsinghua.edu.cn/packages/19/14/2c5dd9f512b66549ae92767a9c7b330ae88e1932ca57876909410251fe13/anyio-4.13.0.tar.gz", hash = "sha256:334b70e641fd2221c1505b3890c69882fe4a2df910cba14d97019b90b24439dc", size = 231622, upload-time = "2026-03-24T12:59:09.671Z" }
wheels = [
    { url = "https://pypi.tuna.tsinghua.edu.cn/packages/da/42/e921fccf5015463e32a3cf6ee7f980a6ed0f395ceeaa45060b61d86486c2/anyio-4.13.0-py3-none-any.whl", hash = "sha256:08b310f9e24a9594186fd75b4f73f4a4152069e3853f1ed8bfbf58369f4ad708", size = 114353, upload-time = "2026-03-24T12:59:08.246Z" },
]

[[package]]
name = "attendance-system-fastapi"
version = "0.0.1"
source = { virtual = "." }
dependencies = [
    { name = "fastapi" },
    { name = "httpx" },
    { name = "openpyxl" },
    { name = "pillow" },
    { name = "pydantic" },
    { name = "pydantic-core" },
    { name = "pyinstaller" },
    { name = "python-dotenv" },
    { name = "qrcode" },
    { name = "uvicorn" },
]

[package.metadata]
requires-dist = [
    { name = "fastapi", specifier = "==0.136.0" },
    { name = "httpx", specifier = "==0.28.1" },
    { name = "openpyxl", specifier = "==3.1.5" },
    { name = "pillow", specifier = "==12.2.0" },
    { name = "pydantic", specifier = "==2.13.3" },
    { name = "pydantic-core", specifier = "==2.46.3" },
    { name = "pyinstaller", specifier = "==6.19.0" },
    { name = "python-dotenv", specifier = "==1.2.2" },
    { name = "qrcode", specifier = "==8.2" },
    { name = "uvicorn", specifier = "==0.45.0" },
]

[[package]]
name = "certifi"
version = "2026.2.25"
source = { registry = "https://pypi.tuna.tsinghua.edu.cn/simple" }
sdist = { url = "https://pypi.tuna.tsinghua.edu.cn/packages/af/2d/7bf41579a8986e348fa033a31cdd0e4121114f6bce2457e8876010b092dd/certifi-2026.2.25.tar.gz", hash = "sha256:e887ab5cee78ea814d3472169153c2d12cd43b14bd03329a39a9c6e2e80bfba7", size = 155029, upload-time = "2026-02-25T02:54:17.342Z" }
wheels = [
    { url = "https://pypi.tuna.tsinghua.edu.cn/packages/9a/3c/c17fb3ca2d9c3acff52e30b309f538586f9f5b9c9cf454f3845fc9af4881/certifi-2026.2.25-py3-none-any.whl", hash = "sha256:027692e4402ad994f1c42e52a4997a9763c646b73e4096e4d5d6db8af1d6f0fa", size = 153684, upload-time = "2026-02-25T02:54:15.766Z" },
]

[[package]]
name = "click"
version = "8.3.2"
source = { registry = "https://pypi.tuna.tsinghua.edu.cn/simple" }
dependencies = [
    { name = "colorama", marker = "sys_platform == 'win32'" },
]
sdist = { url = "https://pypi.tuna.tsinghua.edu.cn/packages/57/75/31212c6bf2503fdf920d87fee5d7a86a2e3bcf444984126f13d8e4016804/click-8.3.2.tar.gz", hash = "sha256:14162b8b3b3550a7d479eafa77dfd3c38d9dc8951f6f69c78913a8f9a7540fd5", size = 302856, upload-time = "2026-04-03T19:14:45.118Z" }
wheels = [
    { url = "https://pypi.tuna.tsinghua.edu.cn/packages/e4/20/71885d8b97d4f3dde17b1fdb92dbd4908b00541c5a3379787137285f602e/click-8.3.2-py3-none-any.whl", hash = "sha256:1924d2c27c5653561cd2cae4548d1406039cb79b858b747cfea24924bbc1616d", size = 108379, upload-time = "2026-04-03T19:14:43.505Z" },
]

[[package]]
name = "colorama"
version = "0.4.6"
source = { registry = "https://pypi.tuna.tsinghua.edu.cn/simple" }
sdist = { url = "https://pypi.tuna.tsinghua.edu.cn/packages/d8/53/6f443c9a4a8358a93a6792e2acffb9d9d5cb0a5cfd8802644b7b1c9a02e4/colorama-0.4.6.tar.gz", hash = "sha256:08695f5cb7ed6e0531a20572697297273c47b8cae5a63ffc6d6ed5c201be6e44", size = 27697, upload-time = "2022-10-25T02:36:22.414Z" }
wheels = [
    { url = "https://pypi.tuna.tsinghua.edu.cn/packages/d1/d6/3965ed04c63042e047cb6a3e6ed1a63a35087b6a609aa3a15ed8ac56c221/colorama-0.4.6-py2.py3-none-any.whl", hash = "sha256:4f1d9991f5acc0ca119f9d443620b77f9d6b33703e51011c16baf57afb285fc6", size = 25335, upload-time = "2022-10-25T02:36:20.889Z" },
]

[[package]]
name = "et-xmlfile"
version = "2.0.0"
source = { registry = "https://pypi.tuna.tsinghua.edu.cn/simple" }
sdist = { url = "https://pypi.tuna.tsinghua.edu.cn/packages/d3/38/af70d7ab1ae9d4da450eeec1fa3918940a5fafb9055e934af8d6eb0c2313/et_xmlfile-2.0.0.tar.gz", hash = "sha256:dab3f4764309081ce75662649be815c4c9081e88f0837825f90fd28317d4da54", size = 17234, upload-time = "2024-10-25T17:25:40.039Z" }
wheels = [
    { url = "https://pypi.tuna.tsinghua.edu.cn/packages/c1/8b/5fe2cc11fee489817272089c4203e679c63b570a5aaeb18d852ae3cbba6a/et_xmlfile-2.0.0-py3-none-any.whl", hash = "sha256:7a91720bc756843502c3b7504c77b8fe44217c85c537d85037f0f536151b2caa", size = 18059, upload-time = "2024-10-25T17:25:39.051Z" },
]

[[package]]
name = "fastapi"
version = "0.136.0"
source = { registry = "https://pypi.tuna.tsinghua.edu.cn/simple" }
dependencies = [
    { name = "annotated-doc" },
    { name = "pydantic" },
    { name = "starlette" },
    { name = "typing-extensions" },
    { name = "typing-inspection" },
]
sdist = { url = "https://pypi.tuna.tsinghua.edu.cn/packages/4e/d9/e66315807e41e69e7f6a1b42a162dada2f249c5f06ad3f1a95f84ab336ef/fastapi-0.136.0.tar.gz", hash = "sha256:cf08e067cc66e106e102d9ba659463abfac245200752f8a5b7b1e813de4ff73e", size = 396607, upload-time = "2026-04-16T11:47:13.623Z" }
wheels = [
    { url = "https://pypi.tuna.tsinghua.edu.cn/packages/26/a3/0bd5f0cdb0bbc92650e8dc457e9250358411ee5d1b65e42b6632387daf81/fastapi-0.136.0-py3-none-any.whl", hash = "sha256:8793d44ec7378e2be07f8a013cf7f7aa47d6327d0dfe9804862688ec4541a6b4", size = 117556, upload-time = "2026-04-16T11:47:11.922Z" },
]

[[package]]
name = "h11"
version = "0.16.0"
source = { registry = "https://pypi.tuna.tsinghua.edu.cn/simple" }
sdist = { url = "https://pypi.tuna.tsinghua.edu.cn/packages/01/ee/02a2c011bdab74c6fb3c75474d40b3052059d95df7e73351460c8588d963/h11-0.16.0.tar.gz", hash = "sha256:4e35b956cf45792e4caa5885e69fba00bdbc6ffafbfa020300e549b208ee5ff1", size = 101250, upload-time = "2025-04-24T03:35:25.427Z" }
wheels = [
    { url = "https://pypi.tuna.tsinghua.edu.cn/packages/04/4b/29cac41a4d98d144bf5f6d33995617b185d14b22401f75ca86f384e87ff1/h11-0.16.0-py3-none-any.whl", hash = "sha256:63cf8bbe7522de3bf65932fda1d9c2772064ffb3dae62d55932da54b31cb6c86", size = 37515, upload-time = "2025-04-24T03:35:24.344Z" },
]

[[package]]
name = "httpcore"
version = "1.0.9"
source = { registry = "https://pypi.tuna.tsinghua.edu.cn/simple" }
dependencies = [
    { name = "certifi" },
    { name = "h11" },
]
sdist = { url = "https://pypi.tuna.tsinghua.edu.cn/packages/06/94/82699a10bca87a5556c9c59b5963f2d039dbd239f25bc2a63907a05a14cb/httpcore-1.0.9.tar.gz", hash = "sha256:6e34463af53fd2ab5d807f399a9b45ea31c3dfa2276f15a2c3f00afff6e176e8", size = 85484, upload-time = "2025-04-24T22:06:22.219Z" }
wheels = [
    { url = "https://pypi.tuna.tsinghua.edu.cn/packages/7e/f5/f66802a942d491edb555dd61e3a9961140fd64c90bce1eafd741609d334d/httpcore-1.0.9-py3-none-any.whl", hash = "sha256:2d400746a40668fc9dec9810239072b40b4484b640a8c38fd654a024c7a1bf55", size = 78784, upload-time = "2025-04-24T22:06:20.566Z" },
]

[[package]]
name = "httpx"
version = "0.28.1"
source = { registry = "https://pypi.tuna.tsinghua.edu.cn/simple" }
dependencies = [
    { name = "anyio" },
    { name = "certifi" },
    { name = "httpcore" },
    { name = "idna" },
]
sdist = { url = "https://pypi.tuna.tsinghua.edu.cn/packages/b1/df/48c586a5fe32a0f01324ee087459e112ebb7224f646c0b5023f5e79e9956/httpx-0.28.1.tar.gz", hash = "sha256:75e98c5f16b0f35b567856f597f06ff2270a374470a5c2392242528e3e3e42fc", size = 141406, upload-time = "2024-12-06T15:37:23.222Z" }
wheels = [
    { url = "https://pypi.tuna.tsinghua.edu.cn/packages/2a/39/e50c7c3a983047577ee07d2a9e53faf5a69493943ec3f6a384bdc792deb2/httpx-0.28.1-py3-none-any.whl", hash = "sha256:d909fcccc110f8c7faf814ca82a9a4d816bc5a6dbfea25d6591d6985b8ba59ad", size = 73517, upload-time = "2024-12-06T15:37:21.509Z" },
]

[[package]]
name = "idna"
version = "3.12"
source = { registry = "https://pypi.tuna.tsinghua.edu.cn/simple" }
sdist = { url = "https://pypi.tuna.tsinghua.edu.cn/packages/22/12/2948fbe5513d062169bd91f7d7b1cd97bc8894f32946b71fa39f6e63ca0c/idna-3.12.tar.gz", hash = "sha256:724e9952cc9e2bd7550ea784adb098d837ab5267ef67a1ab9cf7846bdbdd8254", size = 194350, upload-time = "2026-04-21T13:32:48.916Z" }
wheels = [
    { url = "https://pypi.tuna.tsinghua.edu.cn/packages/53/b2/acc33950394b3becb2b664741a0c0889c7ef9f9ffbfa8d47eddb53a50abd/idna-3.12-py3-none-any.whl", hash = "sha256:60ffaa1858fac94c9c124728c24fcde8160f3fb4a7f79aa8cdd33a9d1af60a67", size = 68634, upload-time = "2026-04-21T13:32:47.403Z" },
]

[[package]]
name = "macholib"
version = "1.16.4"
source = { registry = "https://pypi.tuna.tsinghua.edu.cn/simple" }
dependencies = [
    { name = "altgraph" },
]
sdist = { url = "https://pypi.tuna.tsinghua.edu.cn/packages/10/2f/97589876ea967487978071c9042518d28b958d87b17dceb7cdc1d881f963/macholib-1.16.4.tar.gz", hash = "sha256:f408c93ab2e995cd2c46e34fe328b130404be143469e41bc366c807448979362", size = 59427, upload-time = "2025-11-22T08:28:38.373Z" }
wheels = [
    { url = "https://pypi.tuna.tsinghua.edu.cn/packages/c7/d1/a9f36f8ecdf0fb7c9b1e78c8d7af12b8c8754e74851ac7b94a8305540fc7/macholib-1.16.4-py2.py3-none-any.whl", hash = "sha256:da1a3fa8266e30f0ce7e97c6a54eefaae8edd1e5f86f3eb8b95457cae90265ea", size = 38117, upload-time = "2025-11-22T08:28:36.939Z" },
]

[[package]]
name = "openpyxl"
version = "3.1.5"
source = { registry = "https://pypi.tuna.tsinghua.edu.cn/simple" }
dependencies = [
    { name = "et-xmlfile" },
]
sdist = { url = "https://pypi.tuna.tsinghua.edu.cn/packages/3d/f9/88d94a75de065ea32619465d2f77b29a0469500e99012523b91cc4141cd1/openpyxl-3.1.5.tar.gz", hash = "sha256:cf0e3cf56142039133628b5acffe8ef0c12bc902d2aadd3e0fe5878dc08d1050", size = 186464, upload-time = "2024-06-28T14:03:44.161Z" }
wheels = [
    { url = "https://pypi.tuna.tsinghua.edu.cn/packages/c0/da/977ded879c29cbd04de313843e76868e6e13408a94ed6b987245dc7c8506/openpyxl-3.1.5-py2.py3-none-any.whl", hash = "sha256:5282c12b107bffeef825f4617dc029afaf41d0ea60823bbb665ef3079dc79de2", size = 250910, upload-time = "2024-06-28T14:03:41.161Z" },
]

[[package]]
name = "packaging"
version = "26.1"
source = { registry = "https://pypi.tuna.tsinghua.edu.cn/simple" }
sdist = { url = "https://pypi.tuna.tsinghua.edu.cn/packages/df/de/0d2b39fb4af88a0258f3bac87dfcbb48e73fbdea4a2ed0e2213f9a4c2f9a/packaging-26.1.tar.gz", hash = "sha256:f042152b681c4bfac5cae2742a55e103d27ab2ec0f3d88037136b6bfe7c9c5de", size = 215519, upload-time = "2026-04-14T21:12:49.362Z" }
wheels = [
    { url = "https://pypi.tuna.tsinghua.edu.cn/packages/7a/c2/920ef838e2f0028c8262f16101ec09ebd5969864e5a64c4c05fad0617c56/packaging-26.1-py3-none-any.whl", hash = "sha256:5d9c0669c6285e491e0ced2eee587eaf67b670d94a19e94e3984a481aba6802f", size = 95831, upload-time = "2026-04-14T21:12:47.56Z" },
]

[[package]]
name = "pefile"
version = "2024.8.26"
source = { registry = "https://pypi.tuna.tsinghua.edu.cn/simple" }
sdist = { url = "https://pypi.tuna.tsinghua.edu.cn/packages/03/4f/2750f7f6f025a1507cd3b7218691671eecfd0bbebebe8b39aa0fe1d360b8/pefile-2024.8.26.tar.gz", hash = "sha256:3ff6c5d8b43e8c37bb6e6dd5085658d658a7a0bdcd20b6a07b1fcfc1c4e9d632", size = 76008, upload-time = "2024-08-26T20:58:38.155Z" }
wheels = [
    { url = "https://pypi.tuna.tsinghua.edu.cn/packages/54/16/12b82f791c7f50ddec566873d5bdd245baa1491bac11d15ffb98aecc8f8b/pefile-2024.8.26-py3-none-any.whl", hash = "sha256:76f8b485dcd3b1bb8166f1128d395fa3d87af26360c2358fb75b80019b957c6f", size = 74766, upload-time = "2024-08-26T21:01:02.632Z" },
]

[[package]]
name = "pillow"
version = "12.2.0"
source = { registry = "https://pypi.tuna.tsinghua.edu.cn/simple" }
sdist = { url = "https://pypi.tuna.tsinghua.edu.cn/packages/8c/21/c2bcdd5906101a30244eaffc1b6e6ce71a31bd0742a01eb89e660ebfac2d/pillow-12.2.0.tar.gz", hash = "sha256:a830b1a40919539d07806aa58e1b114df53ddd43213d9c8b75847eee6c0182b5", size = 46987819, upload-time = "2026-04-01T14:46:17.687Z" }
wheels = [
    { url = "https://pypi.tuna.tsinghua.edu.cn/packages/58/be/7482c8a5ebebbc6470b3eb791812fff7d5e0216c2be3827b30b8bb6603ed/pillow-12.2.0-cp312-cp312-macosx_10_13_x86_64.whl", hash = "sha256:2d192a155bbcec180f8564f693e6fd9bccff5a7af9b32e2e4bf8c9c69dbad6b5", size = 5308279, upload-time = "2026-04-01T14:43:13.246Z" },
    { url = "https://pypi.tuna.tsinghua.edu.cn/packages/d8/95/0a351b9289c2b5cbde0bacd4a83ebc44023e835490a727b2a3bd60ddc0f4/pillow-12.2.0-cp312-cp312-macosx_11_0_arm64.whl", hash = "sha256:f3f40b3c5a968281fd507d519e444c35f0ff171237f4fdde090dd60699458421", size = 4695490, upload-time = "2026-04-01T14:43:15.584Z" },
    { url = "https://pypi.tuna.tsinghua.edu.cn/packages/de/af/4e8e6869cbed569d43c416fad3dc4ecb944cb5d9492defaed89ddd6fe871/pillow-12.2.0-cp312-cp312-manylinux2014_aarch64.manylinux_2_17_aarch64.whl", hash = "sha256:03e7e372d5240cc23e9f07deca4d775c0817bffc641b01e9c3af208dbd300987", size = 6284462, upload-time = "2026-04-01T14:43:18.268Z" },
    { url = "https://pypi.tuna.tsinghua.edu.cn/packages/e9/9e/c05e19657fd57841e476be1ab46c4d501bffbadbafdc31a6d665f8b737b6/pillow-12.2.0-cp312-cp312-manylinux2014_x86_64.manylinux_2_17_x86_64.whl", hash = "sha256:b86024e52a1b269467a802258c25521e6d742349d760728092e1bc2d135b4d76", size = 8094744, upload-time = "2026-04-01T14:43:20.716Z" },
    { url = "https://pypi.tuna.tsinghua.edu.cn/packages/2b/54/1789c455ed10176066b6e7e6da1b01e50e36f94ba584dc68d9eebfe9156d/pillow-12.2.0-cp312-cp312-manylinux_2_27_aarch64.manylinux_2_28_aarch64.whl", hash = "sha256:7371b48c4fa448d20d2714c9a1f775a81155050d383333e0a6c15b1123dda005", size = 6398371, upload-time = "2026-04-01T14:43:23.443Z" },
    { url = "https://pypi.tuna.tsinghua.edu.cn/packages/43/e3/fdc657359e919462369869f1c9f0e973f353f9a9ee295a39b1fea8ee1a77/pillow-12.2.0-cp312-cp312-manylinux_2_27_x86_64.manylinux_2_28_x86_64.whl", hash = "sha256:62f5409336adb0663b7caa0da5c7d9e7bdbaae9ce761d34669420c2a801b2780", size = 7087215, upload-time = "2026-04-01T14:43:26.758Z" },
    { url = "https://pypi.tuna.tsinghua.edu.cn/packages/8b/f8/2f6825e441d5b1959d2ca5adec984210f1ec086435b0ed5f52c19b3b8a6e/pillow-12.2.0-cp312-cp312-musllinux_1_2_aarch64.whl", hash = "sha256:01afa7cf67f74f09523699b4e88c73fb55c13346d212a59a2db1f86b0a63e8c5", size = 6509783, upload-time = "2026-04-01T14:43:29.56Z" },
    { url = "https://pypi.tuna.tsinghua.edu.cn/packages/67/f9/029a27095ad20f854f9dba026b3ea6428548316e057e6fc3545409e86651/pillow-12.2.0-cp312-cp312-musllinux_1_2_x86_64.whl", hash = "sha256:fc3d34d4a8fbec3e88a79b92e5465e0f9b842b628675850d860b8bd300b159f5", size = 7212112, upload-time = "2026-04-01T14:43:32.091Z" },
    { url = "https://pypi.tuna.tsinghua.edu.cn/packages/be/42/025cfe05d1be22dbfdb4f264fe9de1ccda83f66e4fc3aac94748e784af04/pillow-12.2.0-cp312-cp312-win32.whl", hash = "sha256:58f62cc0f00fd29e64b29f4fd923ffdb3859c9f9e6105bfc37ba1d08994e8940", size = 6378489, upload-time = "2026-04-01T14:43:34.601Z" },
    { url = "https://pypi.tuna.tsinghua.edu.cn/packages/5d/7b/25a221d2c761c6a8ae21bfa3874988ff2583e19cf8a27bf2fee358df7942/pillow-12.2.0-cp312-cp312-win_amd64.whl", hash = "sha256:7f84204dee22a783350679a0333981df803dac21a0190d706a50475e361c93f5", size = 7084129, upload-time = "2026-04-01T14:43:37.213Z" },
    { url = "https://pypi.tuna.tsinghua.edu.cn/packages/10/e1/542a474affab20fd4a0f1836cb234e8493519da6b76899e30bcc5d990b8b/pillow-12.2.0-cp312-cp312-win_arm64.whl", hash = "sha256:af73337013e0b3b46f175e79492d96845b16126ddf79c438d7ea7ff27783a414", size = 2463612, upload-time = "2026-04-01T14:43:39.421Z" },
]

[[package]]
name = "pydantic"
version = "2.13.3"
source = { registry = "https://pypi.tuna.tsinghua.edu.cn/simple" }
dependencies = [
    { name = "annotated-types" },
    { name = "pydantic-core" },
    { name = "typing-extensions" },
    { name = "typing-inspection" },
]
sdist = { url = "https://pypi.tuna.tsinghua.edu.cn/packages/d9/e4/40d09941a2cebcb20609b86a559817d5b9291c49dd6f8c87e5feffbe703a/pydantic-2.13.3.tar.gz", hash = "sha256:af09e9d1d09f4e7fe37145c1f577e1d61ceb9a41924bf0094a36506285d0a84d", size = 844068, upload-time = "2026-04-20T14:46:43.632Z" }
wheels = [
    { url = "https://pypi.tuna.tsinghua.edu.cn/packages/f3/0a/fd7d723f8f8153418fb40cf9c940e82004fce7e987026b08a68a36dd3fe7/pydantic-2.13.3-py3-none-any.whl", hash = "sha256:6db14ac8dfc9a1e57f87ea2c0de670c251240f43cb0c30a5130e9720dc612927", size = 471981, upload-time = "2026-04-20T14:46:41.402Z" },
]

[[package]]
name = "pydantic-core"
version = "2.46.3"
source = { registry = "https://pypi.tuna.tsinghua.edu.cn/simple" }
dependencies = [
    { name = "typing-extensions" },
]
sdist = { url = "https://pypi.tuna.tsinghua.edu.cn/packages/2a/ef/f7abb56c49382a246fd2ce9c799691e3c3e7175ec74b14d99e798bcddb1a/pydantic_core-2.46.3.tar.gz", hash = "sha256:41c178f65b8c29807239d47e6050262eb6bf84eb695e41101e62e38df4a5bc2c", size = 471412, upload-time = "2026-04-20T14:40:56.672Z" }
wheels = [
    { url = "https://pypi.tuna.tsinghua.edu.cn/packages/4b/cb/5b47425556ecc1f3fe18ed2a0083188aa46e1dd812b06e406475b3a5d536/pydantic_core-2.46.3-cp312-cp312-macosx_10_12_x86_64.whl", hash = "sha256:b11b59b3eee90a80a36701ddb4576d9ae31f93f05cb9e277ceaa09e6bf074a67", size = 2101946, upload-time = "2026-04-20T14:40:52.581Z" },
    { url = "https://pypi.tuna.tsinghua.edu.cn/packages/a1/4f/2fb62c2267cae99b815bbf4a7b9283812c88ca3153ef29f7707200f1d4e5/pydantic_core-2.46.3-cp312-cp312-macosx_11_0_arm64.whl", hash = "sha256:af8653713055ea18a3abc1537fe2ebc42f5b0bbb768d1eb79fd74eb47c0ac089", size = 1951612, upload-time = "2026-04-20T14:42:42.996Z" },
    { url = "https://pypi.tuna.tsinghua.edu.cn/packages/50/6e/b7348fd30d6556d132cddd5bd79f37f96f2601fe0608afac4f5fb01ec0b3/pydantic_core-2.46.3-cp312-cp312-manylinux_2_17_aarch64.manylinux2014_aarch64.whl", hash = "sha256:75a519dab6d63c514f3a81053e5266c549679e4aa88f6ec57f2b7b854aceb1b0", size = 1977027, upload-time = "2026-04-20T14:42:02.001Z" },
    { url = "https://pypi.tuna.tsinghua.edu.cn/packages/82/11/31d60ee2b45540d3fb0b29302a393dbc01cd771c473f5b5147bcd353e593/pydantic_core-2.46.3-cp312-cp312-manylinux_2_17_armv7l.manylinux2014_armv7l.whl", hash = "sha256:a6cd87cb1575b1ad05ba98894c5b5c96411ef678fa2f6ed2576607095b8d9789", size = 2063008, upload-time = "2026-04-20T14:44:17.952Z" },
    { url = "https://pypi.tuna.tsinghua.edu.cn/packages/8a/db/3a9d1957181b59258f44a2300ab0f0be9d1e12d662a4f57bb31250455c52/pydantic_core-2.46.3-cp312-cp312-manylinux_2_17_ppc64le.manylinux2014_ppc64le.whl", hash = "sha256:f80a55484b8d843c8ada81ebf70a682f3f00a3d40e378c06cf17ecb44d280d7d", size = 2233082, upload-time = "2026-04-20T14:40:57.934Z" },
    { url = "https://pypi.tuna.tsinghua.edu.cn/packages/9c/e1/3277c38792aeb5cfb18c2f0c5785a221d9ff4e149abbe1184d53d5f72273/pydantic_core-2.46.3-cp312-cp312-manylinux_2_17_s390x.manylinux2014_s390x.whl", hash = "sha256:3861f1731b90c50a3266316b9044f5c9b405eecb8e299b0a7120596334e4fe9c", size = 2304615, upload-time = "2026-04-20T14:42:12.584Z" },
    { url = "https://pypi.tuna.tsinghua.edu.cn/packages/5e/d5/e3d9717c9eba10855325650afd2a9cba8e607321697f18953af9d562da2f/pydantic_core-2.46.3-cp312-cp312-manylinux_2_17_x86_64.manylinux2014_x86_64.whl", hash = "sha256:fb528e295ed31570ac3dcc9bfdd6e0150bc11ce6168ac87a8082055cf1a67395", size = 2094380, upload-time = "2026-04-20T14:43:05.522Z" },
    { url = "https://pypi.tuna.tsinghua.edu.cn/packages/a1/20/abac35dedcbfd66c6f0b03e4e3564511771d6c9b7ede10a362d03e110d9b/pydantic_core-2.46.3-cp312-cp312-manylinux_2_31_riscv64.whl", hash = "sha256:367508faa4973b992b271ba1494acaab36eb7e8739d1e47be5035fb1ea225396", size = 2135429, upload-time = "2026-04-20T14:41:55.549Z" },
    { url = "https://pypi.tuna.tsinghua.edu.cn/packages/6c/a5/41bfd1df69afad71b5cf0535055bccc73022715ad362edbc124bc1e021d7/pydantic_core-2.46.3-cp312-cp312-manylinux_2_5_i686.manylinux1_i686.whl", hash = "sha256:5ad3c826fe523e4becf4fe39baa44286cff85ef137c729a2c5e269afbfd0905d", size = 2174582, upload-time = "2026-04-20T14:41:45.96Z" },
    { url = "https://pypi.tuna.tsinghua.edu.cn/packages/79/65/38d86ea056b29b2b10734eb23329b7a7672ca604df4f2b6e9c02d4ee22fe/pydantic_core-2.46.3-cp312-cp312-musllinux_1_1_aarch64.whl", hash = "sha256:ec638c5d194ef8af27db69f16c954a09797c0dc25015ad6123eb2c73a4d271ca", size = 2187533, upload-time = "2026-04-20T14:40:55.367Z" },
    { url = "https://pypi.tuna.tsinghua.edu.cn/packages/b6/55/a1129141678a2026badc539ad1dee0a71d06f54c2f06a4bd68c030ac781b/pydantic_core-2.46.3-cp312-cp312-musllinux_1_1_armv7l.whl", hash = "sha256:28ed528c45446062ee66edb1d33df5d88828ae167de76e773a3c7f64bd14e976", size = 2332985, upload-time = "2026-04-20T14:44:13.05Z" },
    { url = "https://pypi.tuna.tsinghua.edu.cn/packages/d7/60/cb26f4077719f709e54819f4e8e1d43f4091f94e285eb6bd21e1190a7b7c/pydantic_core-2.46.3-cp312-cp312-musllinux_1_1_x86_64.whl", hash = "sha256:aed19d0c783886d5bd86d80ae5030006b45e28464218747dcf83dabfdd092c7b", size = 2373670, upload-time = "2026-04-20T14:41:53.421Z" },
    { url = "https://pypi.tuna.tsinghua.edu.cn/packages/6b/7e/c3f21882bdf1d8d086876f81b5e296206c69c6082551d776895de7801fa0/pydantic_core-2.46.3-cp312-cp312-win32.whl", hash = "sha256:06d5d8820cbbdb4147578c1fe7ffcd5b83f34508cb9f9ab76e807be7db6ff0a4", size = 1966722, upload-time = "2026-04-20T14:44:30.588Z" },
    { url = "https://pypi.tuna.tsinghua.edu.cn/packages/57/be/6b5e757b859013ebfbd7adba02f23b428f37c86dcbf78b5bb0b4ffd36e99/pydantic_core-2.46.3-cp312-cp312-win_amd64.whl", hash = "sha256:c3212fda0ee959c1dd04c60b601ec31097aaa893573a3a1abd0a47bcac2968c1", size = 2072970, upload-time = "2026-04-20T14:42:54.248Z" },
    { url = "https://pypi.tuna.tsinghua.edu.cn/packages/bf/f8/a989b21cc75e9a32d24192ef700eea606521221a89faa40c919ce884f2b1/pydantic_core-2.46.3-cp312-cp312-win_arm64.whl", hash = "sha256:f1f8338dd7a7f31761f1f1a3c47503a9a3b34eea3c8b01fa6ee96408affb5e72", size = 2035963, upload-time = "2026-04-20T14:44:20.4Z" },
    { url = "https://pypi.tuna.tsinghua.edu.cn/packages/34/42/f426db557e8ab2791bc7562052299944a118655496fbff99914e564c0a94/pydantic_core-2.46.3-graalpy312-graalpy250_312_native-macosx_10_12_x86_64.whl", hash = "sha256:b12dd51f1187c2eb489af8e20f880362db98e954b54ab792fa5d92e8bcc6b803", size = 2091877, upload-time = "2026-04-20T14:43:27.091Z" },
    { url = "https://pypi.tuna.tsinghua.edu.cn/packages/5c/4f/86a832a9d14df58e663bfdf4627dc00d3317c2bd583c4fb23390b0f04b8e/pydantic_core-2.46.3-graalpy312-graalpy250_312_native-macosx_11_0_arm64.whl", hash = "sha256:f00a0961b125f1a47af7bcc17f00782e12f4cd056f83416006b30111d941dfa3", size = 1932428, upload-time = "2026-04-20T14:40:45.781Z" },
    { url = "https://pypi.tuna.tsinghua.edu.cn/packages/11/1a/fe857968954d93fb78e0d4b6df5c988c74c4aaa67181c60be7cfe327c0ca/pydantic_core-2.46.3-graalpy312-graalpy250_312_native-manylinux_2_17_aarch64.manylinux2014_aarch64.whl", hash = "sha256:57697d7c056aca4bbb680200f96563e841a6386ac1129370a0102592f4dddff5", size = 1997550, upload-time = "2026-04-20T14:44:02.425Z" },
    { url = "https://pypi.tuna.tsinghua.edu.cn/packages/17/eb/9d89ad2d9b0ba8cd65393d434471621b98912abb10fbe1df08e480ba57b5/pydantic_core-2.46.3-graalpy312-graalpy250_312_native-manylinux_2_17_x86_64.manylinux2014_x86_64.whl", hash = "sha256:fd35aa21299def8db7ef4fe5c4ff862941a9a158ca7b63d61e66fe67d30416b4", size = 2137657, upload-time = "2026-04-20T14:42:45.149Z" },
]

[[package]]
name = "pyinstaller"
version = "6.19.0"
source = { registry = "https://pypi.tuna.tsinghua.edu.cn/simple" }
dependencies = [
    { name = "altgraph" },
    { name = "macholib", marker = "sys_platform == 'darwin'" },
    { name = "packaging" },
    { name = "pefile", marker = "sys_platform == 'win32'" },
    { name = "pyinstaller-hooks-contrib" },
    { name = "pywin32-ctypes", marker = "sys_platform == 'win32'" },
    { name = "setuptools" },
]
sdist = { url = "https://pypi.tuna.tsinghua.edu.cn/packages/c8/63/fd62472b6371d89dc138d40c36d87a50dc2de18a035803bbdc376b4ffac4/pyinstaller-6.19.0.tar.gz", hash = "sha256:ec73aeb8bd9b7f2f1240d328a4542e90b3c6e6fbc106014778431c616592a865", size = 4036072, upload-time = "2026-02-14T18:06:28.718Z" }
wheels = [
    { url = "https://pypi.tuna.tsinghua.edu.cn/packages/e3/eb/23374721fecfa72677e79800921cb6aceefa6ba48574dc404f3f6c6c3be7/pyinstaller-6.19.0-py3-none-macosx_10_13_universal2.whl", hash = "sha256:4190e76b74f0c4b5c5f11ac360928cd2e36ec8e3194d437bf6b8648c7bc0c134", size = 1040563, upload-time = "2026-02-14T18:05:22.436Z" },
    { url = "https://pypi.tuna.tsinghua.edu.cn/packages/cd/7e/dfd724b0b533f5aaec0ee5df406fe2319987ed6964480a706f85478b12ea/pyinstaller-6.19.0-py3-none-manylinux2014_aarch64.whl", hash = "sha256:8bd68abd812d8a6ba33b9f1810e91fee0f325969733721b78151f0065319ca11", size = 735477, upload-time = "2026-02-14T18:05:27.143Z" },
    { url = "https://pypi.tuna.tsinghua.edu.cn/packages/88/c9/ee3a4101c31f26344e66896c73c1fd6ed8282bf871473365b7f8674af406/pyinstaller-6.19.0-py3-none-manylinux2014_i686.whl", hash = "sha256:1ec54ef967996ca61dacba676227e2b23219878ccce5ee9d6f3aada7b8ed8abf", size = 747143, upload-time = "2026-02-14T18:05:31.488Z" },
    { url = "https://pypi.tuna.tsinghua.edu.cn/packages/da/0a/fc77e9f861be8cf300ac37155f59cc92aff99b29f2ddd78546f563a5b5a6/pyinstaller-6.19.0-py3-none-manylinux2014_ppc64le.whl", hash = "sha256:4ab2bb52e58448e14ddf9450601bdedd66800465043501c1d8f1cab87b60b122", size = 744849, upload-time = "2026-02-14T18:05:35.492Z" },
    { url = "https://pypi.tuna.tsinghua.edu.cn/packages/6d/e3/6872e020ee758afe0b821663858492c10745608b07150e5e2c824a5b3e1c/pyinstaller-6.19.0-py3-none-manylinux2014_s390x.whl", hash = "sha256:da6d5c6391ccefe73554b9fa29b86001c8e378e0f20c2a4004f836ba537eff63", size = 741590, upload-time = "2026-02-14T18:05:39.59Z" },
    { url = "https://pypi.tuna.tsinghua.edu.cn/packages/53/60/b8db5f1a4b0fb228175f2ea0aa33f949adcc097fbe981cc524f9faf85777/pyinstaller-6.19.0-py3-none-manylinux2014_x86_64.whl", hash = "sha256:a0fc5f6b3c55aa54353f0c74ffa59b1115433c1850c6f655d62b461a2ed6cbbe", size = 741448, upload-time = "2026-02-14T18:05:45.636Z" },
    { url = "https://pypi.tuna.tsinghua.edu.cn/packages/6f/4d/63b0600f2694e9141b83129fbc1c488ec84d5a0770b1448ec154dcd0fee9/pyinstaller-6.19.0-py3-none-musllinux_1_1_aarch64.whl", hash = "sha256:e649ba6bd1b0b89b210ad92adb5fbdc8a42dd2c5ca4f72ef3a0bfec83a424b83", size = 740613, upload-time = "2026-02-14T18:05:49.726Z" },
    { url = "https://pypi.tuna.tsinghua.edu.cn/packages/01/d4/e812ad36178093a0e9fd4b8127577748dd85b0cb71de912229dca21fd741/pyinstaller-6.19.0-py3-none-musllinux_1_1_x86_64.whl", hash = "sha256:481a909c8e60c8692fc60fcb1344d984b44b943f8bc9682f2fcdae305ad297e6", size = 740350, upload-time = "2026-02-14T18:05:54.093Z" },
    { url = "https://pypi.tuna.tsinghua.edu.cn/packages/52/03/b2c2ee41fb8e10fd2a45d21f5ec2ef25852cfb978dbf762972eed59e3d63/pyinstaller-6.19.0-py3-none-win32.whl", hash = "sha256:3c5c251054fe4cfaa04c34a363dcfbf811545438cb7198304cd444756bc2edd2", size = 1324317, upload-time = "2026-02-14T18:06:00.085Z" },
    { url = "https://pypi.tuna.tsinghua.edu.cn/packages/9c/d3/6d5e62b8270e2b53a6065e281b3a7785079b00e9019c8019952828dd1669/pyinstaller-6.19.0-py3-none-win_amd64.whl", hash = "sha256:b5bb6536c6560330d364d91522250f254b107cf69129d9cbcd0e6727c570be33", size = 1384894, upload-time = "2026-02-14T18:06:06.425Z" },
    { url = "https://pypi.tuna.tsinghua.edu.cn/packages/81/65/458cd523308a101a22fd2742893405030cc24994cc74b1b767cecf137160/pyinstaller-6.19.0-py3-none-win_arm64.whl", hash = "sha256:c2d5a539b0bfe6159d5522c8c70e1c0e487f22c2badae0f97d45246223b798ea", size = 1325374, upload-time = "2026-02-14T18:06:12.804Z" },
]

[[package]]
name = "pyinstaller-hooks-contrib"
version = "2026.4"
source = { registry = "https://pypi.tuna.tsinghua.edu.cn/simple" }
dependencies = [
    { name = "packaging" },
    { name = "setuptools" },
]
sdist = { url = "https://pypi.tuna.tsinghua.edu.cn/packages/c7/fe/9278c29394bf69169febc21f96b4252c3ee7c8ec22c2fc545004bed47e71/pyinstaller_hooks_contrib-2026.4.tar.gz", hash = "sha256:766c281acb1ecc32e21c8c667056d7ebf5da0aabd5e30c219f9c2a283620eeaa", size = 173050, upload-time = "2026-03-31T14:10:51.188Z" }
wheels = [
    { url = "https://pypi.tuna.tsinghua.edu.cn/packages/88/f4/035fb8c06deff827f540a9a4ed9122c54e5376fca3e42eddf0c263730775/pyinstaller_hooks_contrib-2026.4-py3-none-any.whl", hash = "sha256:1de1a5e49a878122010b88c7e295502bc69776c157c4a4dc78741a4e6178b00f", size = 455496, upload-time = "2026-03-31T14:10:49.867Z" },
]

[[package]]
name = "python-dotenv"
version = "1.2.2"
source = { registry = "https://pypi.tuna.tsinghua.edu.cn/simple" }
sdist = { url = "https://pypi.tuna.tsinghua.edu.cn/packages/82/ed/0301aeeac3e5353ef3d94b6ec08bbcabd04a72018415dcb29e588514bba8/python_dotenv-1.2.2.tar.gz", hash = "sha256:2c371a91fbd7ba082c2c1dc1f8bf89ca22564a087c2c287cd9b662adde799cf3", size = 50135, upload-time = "2026-03-01T16:00:26.196Z" }
wheels = [
    { url = "https://pypi.tuna.tsinghua.edu.cn/packages/0b/d7/1959b9648791274998a9c3526f6d0ec8fd2233e4d4acce81bbae76b44b2a/python_dotenv-1.2.2-py3-none-any.whl", hash = "sha256:1d8214789a24de455a8b8bd8ae6fe3c6b69a5e3d64aa8a8e5d68e694bbcb285a", size = 22101, upload-time = "2026-03-01T16:00:25.09Z" },
]

[[package]]
name = "pywin32-ctypes"
version = "0.2.3"
source = { registry = "https://pypi.tuna.tsinghua.edu.cn/simple" }
sdist = { url = "https://pypi.tuna.tsinghua.edu.cn/packages/85/9f/01a1a99704853cb63f253eea009390c88e7131c67e66a0a02099a8c917cb/pywin32-ctypes-0.2.3.tar.gz", hash = "sha256:d162dc04946d704503b2edc4d55f3dba5c1d539ead017afa00142c38b9885755", size = 29471, upload-time = "2024-08-14T10:15:34.626Z" }
wheels = [
    { url = "https://pypi.tuna.tsinghua.edu.cn/packages/de/3d/8161f7711c017e01ac9f008dfddd9410dff3674334c233bde66e7ba65bbf/pywin32_ctypes-0.2.3-py3-none-any.whl", hash = "sha256:8a1513379d709975552d202d942d9837758905c8d01eb82b8bcc30918929e7b8", size = 30756, upload-time = "2024-08-14T10:15:33.187Z" },
]

[[package]]
name = "qrcode"
version = "8.2"
source = { registry = "https://pypi.tuna.tsinghua.edu.cn/simple" }
dependencies = [
    { name = "colorama", marker = "sys_platform == 'win32'" },
]
sdist = { url = "https://pypi.tuna.tsinghua.edu.cn/packages/8f/b2/7fc2931bfae0af02d5f53b174e9cf701adbb35f39d69c2af63d4a39f81a9/qrcode-8.2.tar.gz", hash = "sha256:35c3f2a4172b33136ab9f6b3ef1c00260dd2f66f858f24d88418a015f446506c", size = 43317, upload-time = "2025-05-01T15:44:24.726Z" }
wheels = [
    { url = "https://pypi.tuna.tsinghua.edu.cn/packages/dd/b8/d2d6d731733f51684bbf76bf34dab3b70a9148e8f2cef2bb544fccec681a/qrcode-8.2-py3-none-any.whl", hash = "sha256:16e64e0716c14960108e85d853062c9e8bba5ca8252c0b4d0231b9df4060ff4f", size = 45986, upload-time = "2025-05-01T15:44:22.781Z" },
]

[[package]]
name = "setuptools"
version = "82.0.1"
source = { registry = "https://pypi.tuna.tsinghua.edu.cn/simple" }
sdist = { url = "https://pypi.tuna.tsinghua.edu.cn/packages/4f/db/cfac1baf10650ab4d1c111714410d2fbb77ac5a616db26775db562c8fab2/setuptools-82.0.1.tar.gz", hash = "sha256:7d872682c5d01cfde07da7bccc7b65469d3dca203318515ada1de5eda35efbf9", size = 1152316, upload-time = "2026-03-09T12:47:17.221Z" }
wheels = [
    { url = "https://pypi.tuna.tsinghua.edu.cn/packages/9d/76/f789f7a86709c6b087c5a2f52f911838cad707cc613162401badc665acfe/setuptools-82.0.1-py3-none-any.whl", hash = "sha256:a59e362652f08dcd477c78bb6e7bd9d80a7995bc73ce773050228a348ce2e5bb", size = 1006223, upload-time = "2026-03-09T12:47:15.026Z" },
]

[[package]]
name = "starlette"
version = "1.0.0"
source = { registry = "https://pypi.tuna.tsinghua.edu.cn/simple" }
dependencies = [
    { name = "anyio" },
    { name = "typing-extensions" },
]
sdist = { url = "https://pypi.tuna.tsinghua.edu.cn/packages/81/69/17425771797c36cded50b7fe44e850315d039f28b15901ab44839e70b593/starlette-1.0.0.tar.gz", hash = "sha256:6a4beaf1f81bb472fd19ea9b918b50dc3a77a6f2e190a12954b25e6ed5eea149", size = 2655289, upload-time = "2026-03-22T18:29:46.779Z" }
wheels = [
    { url = "https://pypi.tuna.tsinghua.edu.cn/packages/0b/c9/584bc9651441b4ba60cc4d557d8a547b5aff901af35bda3a4ee30c819b82/starlette-1.0.0-py3-none-any.whl", hash = "sha256:d3ec55e0bb321692d275455ddfd3df75fff145d009685eb40dc91fc66b03d38b", size = 72651, upload-time = "2026-03-22T18:29:45.111Z" },
]

[[package]]
name = "typing-extensions"
version = "4.15.0"
source = { registry = "https://pypi.tuna.tsinghua.edu.cn/simple" }
sdist = { url = "https://pypi.tuna.tsinghua.edu.cn/packages/72/94/1a15dd82efb362ac84269196e94cf00f187f7ed21c242792a923cdb1c61f/typing_extensions-4.15.0.tar.gz", hash = "sha256:0cea48d173cc12fa28ecabc3b837ea3cf6f38c6d1136f85cbaaf598984861466", size = 109391, upload-time = "2025-08-25T13:49:26.313Z" }
wheels = [
    { url = "https://pypi.tuna.tsinghua.edu.cn/packages/18/67/36e9267722cc04a6b9f15c7f3441c2363321a3ea07da7ae0c0707beb2a9c/typing_extensions-4.15.0-py3-none-any.whl", hash = "sha256:f0fa19c6845758ab08074a0cfa8b7aecb71c999ca73d62883bc25cc018c4e548", size = 44614, upload-time = "2025-08-25T13:49:24.86Z" },
]

[[package]]
name = "typing-inspection"
version = "0.4.2"
source = { registry = "https://pypi.tuna.tsinghua.edu.cn/simple" }
dependencies = [
    { name = "typing-extensions" },
]
sdist = { url = "https://pypi.tuna.tsinghua.edu.cn/packages/55/e3/70399cb7dd41c10ac53367ae42139cf4b1ca5f36bb3dc6c9d33acdb43655/typing_inspection-0.4.2.tar.gz", hash = "sha256:ba561c48a67c5958007083d386c3295464928b01faa735ab8547c5692e87f464", size = 75949, upload-time = "2025-10-01T02:14:41.687Z" }
wheels = [
    { url = "https://pypi.tuna.tsinghua.edu.cn/packages/dc/9b/47798a6c91d8bdb567fe2698fe81e0c6b7cb7ef4d13da4114b41d239f65d/typing_inspection-0.4.2-py3-none-any.whl", hash = "sha256:4ed1cacbdc298c220f1bd249ed5287caa16f34d44ef4e9c3d0cbad5b521545e7", size = 14611, upload-time = "2025-10-01T02:14:40.154Z" },
]

[[package]]
name = "uvicorn"
version = "0.45.0"
source = { registry = "https://pypi.tuna.tsinghua.edu.cn/simple" }
dependencies = [
    { name = "click" },
    { name = "h11" },
]
sdist = { url = "https://pypi.tuna.tsinghua.edu.cn/packages/eb/2e/62b0d9a2cfc8b4de6771322dae30f2db76c66dae9ec32e94e176a44ad563/uvicorn-0.45.0.tar.gz", hash = "sha256:3fe650df136c5bd2b9b06efc5980636344a2fbb840e9ddd86437d53144fa335d", size = 87818, upload-time = "2026-04-21T10:43:46.815Z" }
wheels = [
    { url = "https://pypi.tuna.tsinghua.edu.cn/packages/c1/88/d0f7512465b166a4e931ccf7e77792be60fb88466a43964c7566cbaff752/uvicorn-0.45.0-py3-none-any.whl", hash = "sha256:2db26f588131aeec7439de00f2dd52d5f210710c1f01e407a52c90b880d1fd4f", size = 69838, upload-time = "2026-04-21T10:43:45.029Z" },
]
